
Microsoft Visual Studio Solution File, Format Version 12.00
# Visual Studio Version 16
VisualStudioVersion = 16.0.29306.81
MinimumVisualStudioVersion = 10.0.40219.1
Project("{FAE04EC0-301F-11D3-BF4B-00C04F79EFBC}") = "GBA_CQL_Windows", "GBA_CQL_Windows\GBA_CQL_Windows.csproj", "{37B482E9-4011-4B72-A575-02EE6B2AB019}"
EndProject
Global
	GlobalSection(SolutionConfigurationPlatforms) = preSolution
		Debug|Any CPU = Debug|Any CPU
		Release|Any CPU = Release|Any CPU
	EndGlobalSection
	GlobalSection(ProjectConfigurationPlatforms) = postSolution
		{37B482E9-4011-4B72-A575-02EE6B2AB019}.Debug|Any CPU.ActiveCfg = Debug|Any CPU
		{37B482E9-4011-4B72-A575-02EE6B2AB019}.Debug|Any CPU.Build.0 = Debug|Any CPU
		{37B482E9-4011-4B72-A575-02EE6B2AB019}.Release|Any CPU.ActiveCfg = Release|Any CPU
		{37B482E9-4011-4B72-A575-02EE6B2AB019}.Release|Any CPU.Build.0 = Release|Any CPU
	EndGlobalSection
	GlobalSection(SolutionProperties) = preSolution
		HideSolutionNode = FALSE
	EndGlobalSection
	GlobalSection(ExtensibilityGlobals) = postSolution
		SolutionGuid = {A169C1D6-6AA3-4E17-B886-3D34BEF1E424}
	EndGlobalSection
EndGlobal
